
Microsoft Visual Studio Solution File, Format Version 12.00
# Visual Studio 14
VisualStudioVersion = 14.0.25123.0
MinimumVisualStudioVersion = 10.0.40219.1
Project("{FAE04EC0-301F-11D3-BF4B-00C04F79EFBC}") = "LocationSvc", "LocationSvc\LocationSvc.csproj", "{692F47CF-55FF-4CA9-A8BD-386E11F32E6A}"
EndProject
Project("{FAE04EC0-301F-11D3-BF4B-00C04F79EFBC}") = "LocationSvcClient", "LocationSvcClient\LocationSvcClient.csproj", "{958A7DFF-75F3-4AEB-9119-9BE9B57D1090}"
EndProject
Global
	GlobalSection(SolutionConfigurationPlatforms) = preSolution
		Debug|Any CPU = Debug|Any CPU
		Release|Any CPU = Release|Any CPU
	EndGlobalSection
	GlobalSection(ProjectConfigurationPlatforms) = postSolution
		{692F47CF-55FF-4CA9-A8BD-386E11F32E6A}.Debug|Any CPU.ActiveCfg = Debug|Any CPU
		{692F47CF-55FF-4CA9-A8BD-386E11F32E6A}.Debug|Any CPU.Build.0 = Debug|Any CPU
		{692F47CF-55FF-4CA9-A8BD-386E11F32E6A}.Release|Any CPU.ActiveCfg = Release|Any CPU
		{692F47CF-55FF-4CA9-A8BD-386E11F32E6A}.Release|Any CPU.Build.0 = Release|Any CPU
		{958A7DFF-75F3-4AEB-9119-9BE9B57D1090}.Debug|Any CPU.ActiveCfg = Debug|Any CPU
		{958A7DFF-75F3-4AEB-9119-9BE9B57D1090}.Debug|Any CPU.Build.0 = Debug|Any CPU
		{958A7DFF-75F3-4AEB-9119-9BE9B57D1090}.Release|Any CPU.ActiveCfg = Release|Any CPU
		{958A7DFF-75F3-4AEB-9119-9BE9B57D1090}.Release|Any CPU.Build.0 = Release|Any CPU
	EndGlobalSection
	GlobalSection(SolutionProperties) = preSolution
		HideSolutionNode = FALSE
	EndGlobalSection
EndGlobal
